
Microsoft Visual Studio Solution File, Format Version 12.00
# Visual Studio Version 16
VisualStudioVersion = 16.0.30621.155
MinimumVisualStudioVersion = 10.0.40219.1
Project("{FAE04EC0-301F-11D3-BF4B-00C04F79EFBC}") = "Pacman Simulator", "Pacman Simulator.csproj", "{14063721-A8AF-4D96-BCFD-77926801909B}"
EndProject
Project("{FAE04EC0-301F-11D3-BF4B-00C04F79EFBC}") = "ZixiAI", "..\ZixiAI\ZixiAI.csproj", "{090BECED-E8F6-4180-9F7A-1C3971818DE5}"
EndProject
Project("{FAE04EC0-301F-11D3-BF4B-00C04F79EFBC}") = "bitmare", "..\..\bitmare\bitmare.csproj", "{6B2F4F1D-596A-4DE1-8F89-82FCB4F2EEA2}"
EndProject
Global
	GlobalSection(SolutionConfigurationPlatforms) = preSolution
		Debug|Any CPU = Debug|Any CPU
		Release|Any CPU = Release|Any CPU
	EndGlobalSection
	GlobalSection(ProjectConfigurationPlatforms) = postSolution
		{14063721-A8AF-4D96-BCFD-77926801909B}.Debug|Any CPU.ActiveCfg = Debug|Any CPU
		{14063721-A8AF-4D96-BCFD-77926801909B}.Debug|Any CPU.Build.0 = Debug|Any CPU
		{14063721-A8AF-4D96-BCFD-77926801909B}.Release|Any CPU.ActiveCfg = Release|Any CPU
		{14063721-A8AF-4D96-BCFD-77926801909B}.Release|Any CPU.Build.0 = Release|Any CPU
		{090BECED-E8F6-4180-9F7A-1C3971818DE5}.Debug|Any CPU.ActiveCfg = Debug|Any CPU
		{090BECED-E8F6-4180-9F7A-1C3971818DE5}.Debug|Any CPU.Build.0 = Debug|Any CPU
		{090BECED-E8F6-4180-9F7A-1C3971818DE5}.Release|Any CPU.ActiveCfg = Release|Any CPU
		{090BECED-E8F6-4180-9F7A-1C3971818DE5}.Release|Any CPU.Build.0 = Release|Any CPU
		{6B2F4F1D-596A-4DE1-8F89-82FCB4F2EEA2}.Debug|Any CPU.ActiveCfg = Debug|Any CPU
		{6B2F4F1D-596A-4DE1-8F89-82FCB4F2EEA2}.Debug|Any CPU.Build.0 = Debug|Any CPU
		{6B2F4F1D-596A-4DE1-8F89-82FCB4F2EEA2}.Release|Any CPU.ActiveCfg = Release|Any CPU
		{6B2F4F1D-596A-4DE1-8F89-82FCB4F2EEA2}.Release|Any CPU.Build.0 = Release|Any CPU
	EndGlobalSection
	GlobalSection(SolutionProperties) = preSolution
		HideSolutionNode = FALSE
	EndGlobalSection
	GlobalSection(ExtensibilityGlobals) = postSolution
		SolutionGuid = {15CE81C9-9E9D-4248-A728-4EB4B7EC8406}
	EndGlobalSection
EndGlobal
